
Microsoft Visual Studio Solution File, Format Version 12.00
# Visual Studio Version 16
VisualStudioVersion = 16.0.29613.14
MinimumVisualStudioVersion = 10.0.40219.1
Project("{FAE04EC0-301F-11D3-BF4B-00C04F79EFBC}") = "GateServer", "GateServer.csproj", "{4B690884-8676-47C8-9668-2EDD76CB84DF}"
EndProject
Global
	GlobalSection(SolutionConfigurationPlatforms) = preSolution
		Debug|Any CPU = Debug|Any CPU
		Release|Any CPU = Release|Any CPU
	EndGlobalSection
	GlobalSection(ProjectConfigurationPlatforms) = postSolution
		{4B690884-8676-47C8-9668-2EDD76CB84DF}.Debug|Any CPU.ActiveCfg = Debug|Any CPU
		{4B690884-8676-47C8-9668-2EDD76CB84DF}.Debug|Any CPU.Build.0 = Debug|Any CPU
		{4B690884-8676-47C8-9668-2EDD76CB84DF}.Release|Any CPU.ActiveCfg = Release|Any CPU
		{4B690884-8676-47C8-9668-2EDD76CB84DF}.Release|Any CPU.Build.0 = Release|Any CPU
	EndGlobalSection
	GlobalSection(SolutionProperties) = preSolution
		HideSolutionNode = FALSE
	EndGlobalSection
	GlobalSection(ExtensibilityGlobals) = postSolution
		SolutionGuid = {ABB6E11E-F5A0-4F4C-B312-656C730895AC}
	EndGlobalSection
EndGlobal
