
Microsoft Visual Studio Solution File, Format Version 12.00
# Visual Studio Version 16
VisualStudioVersion = 16.0.29613.14
MinimumVisualStudioVersion = 10.0.40219.1
Project("{FAE04EC0-301F-11D3-BF4B-00C04F79EFBC}") = "ServerDll", "ServerDll.csproj", "{3D3B69C5-F997-4327-B0AD-35DEBF40DFE3}"
EndProject
Global
	GlobalSection(SolutionConfigurationPlatforms) = preSolution
		Debug|Any CPU = Debug|Any CPU
		Release|Any CPU = Release|Any CPU
	EndGlobalSection
	GlobalSection(ProjectConfigurationPlatforms) = postSolution
		{3D3B69C5-F997-4327-B0AD-35DEBF40DFE3}.Debug|Any CPU.ActiveCfg = Debug|Any CPU
		{3D3B69C5-F997-4327-B0AD-35DEBF40DFE3}.Debug|Any CPU.Build.0 = Debug|Any CPU
		{3D3B69C5-F997-4327-B0AD-35DEBF40DFE3}.Release|Any CPU.ActiveCfg = Release|Any CPU
		{3D3B69C5-F997-4327-B0AD-35DEBF40DFE3}.Release|Any CPU.Build.0 = Release|Any CPU
	EndGlobalSection
	GlobalSection(SolutionProperties) = preSolution
		HideSolutionNode = FALSE
	EndGlobalSection
	GlobalSection(ExtensibilityGlobals) = postSolution
		SolutionGuid = {658B3E55-F111-4EA8-8F18-3D84E5ADB1B5}
	EndGlobalSection
EndGlobal
