
Microsoft Visual Studio Solution File, Format Version 12.00
# Visual Studio Version 16
VisualStudioVersion = 16.0.29613.14
MinimumVisualStudioVersion = 10.0.40219.1
Project("{FAE04EC0-301F-11D3-BF4B-00C04F79EFBC}") = "RoomServer", "RoomServer.csproj", "{4C90A7C3-8103-4871-BD08-D2CE87ED53BB}"
EndProject
Global
	GlobalSection(SolutionConfigurationPlatforms) = preSolution
		Debug|Any CPU = Debug|Any CPU
		Release|Any CPU = Release|Any CPU
	EndGlobalSection
	GlobalSection(ProjectConfigurationPlatforms) = postSolution
		{4C90A7C3-8103-4871-BD08-D2CE87ED53BB}.Debug|Any CPU.ActiveCfg = Debug|Any CPU
		{4C90A7C3-8103-4871-BD08-D2CE87ED53BB}.Debug|Any CPU.Build.0 = Debug|Any CPU
		{4C90A7C3-8103-4871-BD08-D2CE87ED53BB}.Release|Any CPU.ActiveCfg = Release|Any CPU
		{4C90A7C3-8103-4871-BD08-D2CE87ED53BB}.Release|Any CPU.Build.0 = Release|Any CPU
	EndGlobalSection
	GlobalSection(SolutionProperties) = preSolution
		HideSolutionNode = FALSE
	EndGlobalSection
	GlobalSection(ExtensibilityGlobals) = postSolution
		SolutionGuid = {B4418022-6994-4FBD-8F90-166A42D1FD69}
	EndGlobalSection
EndGlobal
